
Microsoft Visual Studio Solution File, Format Version 12.00
# Visual Studio Version 16
VisualStudioVersion = 16.0.29521.150
MinimumVisualStudioVersion = 10.0.40219.1
Project("{FAE04EC0-301F-11D3-BF4B-00C04F79EFBC}") = "BethanysPaiShop", "BethanysPaiShop\BethanysPaiShop.csproj", "{63CCE73A-FB55-4E42-B344-8172C37FED6C}"
EndProject
Global
	GlobalSection(SolutionConfigurationPlatforms) = preSolution
		Debug|Any CPU = Debug|Any CPU
		Release|Any CPU = Release|Any CPU
	EndGlobalSection
	GlobalSection(ProjectConfigurationPlatforms) = postSolution
		{63CCE73A-FB55-4E42-B344-8172C37FED6C}.Debug|Any CPU.ActiveCfg = Debug|Any CPU
		{63CCE73A-FB55-4E42-B344-8172C37FED6C}.Debug|Any CPU.Build.0 = Debug|Any CPU
		{63CCE73A-FB55-4E42-B344-8172C37FED6C}.Release|Any CPU.ActiveCfg = Release|Any CPU
		{63CCE73A-FB55-4E42-B344-8172C37FED6C}.Release|Any CPU.Build.0 = Release|Any CPU
	EndGlobalSection
	GlobalSection(SolutionProperties) = preSolution
		HideSolutionNode = FALSE
	EndGlobalSection
	GlobalSection(ExtensibilityGlobals) = postSolution
		SolutionGuid = {39AF0000-4A30-4048-929D-5A55E57EAC6A}
	EndGlobalSection
EndGlobal
